
Microsoft Visual Studio Solution File, Format Version 12.00
# Visual Studio Version 16
VisualStudioVersion = 16.0.30114.105
MinimumVisualStudioVersion = 10.0.40219.1
Project("{F2A71F9B-5D33-465A-A702-920D77279786}") = "core", "core\core.fsproj", "{9B02DE3C-AFE0-4192-9CB2-12118937B0A7}"
EndProject
Project("{F2A71F9B-5D33-465A-A702-920D77279786}") = "app", "app\app.fsproj", "{8554C61D-0C43-4D3C-B4D0-4EA909811D1D}"
EndProject
Project("{F2A71F9B-5D33-465A-A702-920D77279786}") = "test", "test\test.fsproj", "{94F6EC35-1449-4372-B6B1-B3E556555FCD}"
EndProject
Project("{2150E333-8FDC-42A3-9474-1A3956D46DE8}") = "web", "web", "{21B136E3-BCEE-4103-BB26-CFF0EA146164}"
EndProject
Project("{F2A71F9B-5D33-465A-A702-920D77279786}") = "web", "web\src\web.fsproj", "{B80928A0-8EF5-4A0F-A4C8-7DD170258D24}"
EndProject
Global
	GlobalSection(SolutionConfigurationPlatforms) = preSolution
		Debug|Any CPU = Debug|Any CPU
		Release|Any CPU = Release|Any CPU
	EndGlobalSection
	GlobalSection(SolutionProperties) = preSolution
		HideSolutionNode = FALSE
	EndGlobalSection
	GlobalSection(ProjectConfigurationPlatforms) = postSolution
		{9B02DE3C-AFE0-4192-9CB2-12118937B0A7}.Debug|Any CPU.ActiveCfg = Debug|Any CPU
		{9B02DE3C-AFE0-4192-9CB2-12118937B0A7}.Debug|Any CPU.Build.0 = Debug|Any CPU
		{9B02DE3C-AFE0-4192-9CB2-12118937B0A7}.Release|Any CPU.ActiveCfg = Release|Any CPU
		{9B02DE3C-AFE0-4192-9CB2-12118937B0A7}.Release|Any CPU.Build.0 = Release|Any CPU
		{8554C61D-0C43-4D3C-B4D0-4EA909811D1D}.Debug|Any CPU.ActiveCfg = Debug|Any CPU
		{8554C61D-0C43-4D3C-B4D0-4EA909811D1D}.Debug|Any CPU.Build.0 = Debug|Any CPU
		{8554C61D-0C43-4D3C-B4D0-4EA909811D1D}.Release|Any CPU.ActiveCfg = Release|Any CPU
		{8554C61D-0C43-4D3C-B4D0-4EA909811D1D}.Release|Any CPU.Build.0 = Release|Any CPU
		{94F6EC35-1449-4372-B6B1-B3E556555FCD}.Debug|Any CPU.ActiveCfg = Debug|Any CPU
		{94F6EC35-1449-4372-B6B1-B3E556555FCD}.Debug|Any CPU.Build.0 = Debug|Any CPU
		{94F6EC35-1449-4372-B6B1-B3E556555FCD}.Release|Any CPU.ActiveCfg = Release|Any CPU
		{94F6EC35-1449-4372-B6B1-B3E556555FCD}.Release|Any CPU.Build.0 = Release|Any CPU
		{B80928A0-8EF5-4A0F-A4C8-7DD170258D24}.Debug|Any CPU.ActiveCfg = Debug|Any CPU
		{B80928A0-8EF5-4A0F-A4C8-7DD170258D24}.Debug|Any CPU.Build.0 = Debug|Any CPU
		{B80928A0-8EF5-4A0F-A4C8-7DD170258D24}.Release|Any CPU.ActiveCfg = Release|Any CPU
		{B80928A0-8EF5-4A0F-A4C8-7DD170258D24}.Release|Any CPU.Build.0 = Release|Any CPU
	EndGlobalSection
	GlobalSection(NestedProjects) = preSolution
		{B80928A0-8EF5-4A0F-A4C8-7DD170258D24} = {21B136E3-BCEE-4103-BB26-CFF0EA146164}
	EndGlobalSection
EndGlobal
