
Microsoft Visual Studio Solution File, Format Version 12.00
# Visual Studio Version 16
VisualStudioVersion = 16.0.30114.105
MinimumVisualStudioVersion = 10.0.40219.1
Project("{F2A71F9B-5D33-465A-A702-920D77279786}") = "app", "src\app.fsproj", "{D985FAA0-CBB8-405B-B182-D0AD113F7B91}"
EndProject
Project("{F2A71F9B-5D33-465A-A702-920D77279786}") = "test", "test\test.fsproj", "{76CBFC8F-B36B-48B6-99FD-22315E03A06F}"
EndProject
Project("{F2A71F9B-5D33-465A-A702-920D77279786}") = "server", "server\server.fsproj", "{1DCD846D-FEA0-4C49-BEED-DCA8A6AF515D}"
EndProject
Global
	GlobalSection(SolutionConfigurationPlatforms) = preSolution
		Debug|Any CPU = Debug|Any CPU
		Debug|x64 = Debug|x64
		Debug|x86 = Debug|x86
		Release|Any CPU = Release|Any CPU
		Release|x64 = Release|x64
		Release|x86 = Release|x86
	EndGlobalSection
	GlobalSection(SolutionProperties) = preSolution
		HideSolutionNode = FALSE
	EndGlobalSection
	GlobalSection(ProjectConfigurationPlatforms) = postSolution
		{D985FAA0-CBB8-405B-B182-D0AD113F7B91}.Debug|Any CPU.ActiveCfg = Debug|Any CPU
		{D985FAA0-CBB8-405B-B182-D0AD113F7B91}.Debug|Any CPU.Build.0 = Debug|Any CPU
		{D985FAA0-CBB8-405B-B182-D0AD113F7B91}.Debug|x64.ActiveCfg = Debug|Any CPU
		{D985FAA0-CBB8-405B-B182-D0AD113F7B91}.Debug|x64.Build.0 = Debug|Any CPU
		{D985FAA0-CBB8-405B-B182-D0AD113F7B91}.Debug|x86.ActiveCfg = Debug|Any CPU
		{D985FAA0-CBB8-405B-B182-D0AD113F7B91}.Debug|x86.Build.0 = Debug|Any CPU
		{D985FAA0-CBB8-405B-B182-D0AD113F7B91}.Release|Any CPU.ActiveCfg = Release|Any CPU
		{D985FAA0-CBB8-405B-B182-D0AD113F7B91}.Release|Any CPU.Build.0 = Release|Any CPU
		{D985FAA0-CBB8-405B-B182-D0AD113F7B91}.Release|x64.ActiveCfg = Release|Any CPU
		{D985FAA0-CBB8-405B-B182-D0AD113F7B91}.Release|x64.Build.0 = Release|Any CPU
		{D985FAA0-CBB8-405B-B182-D0AD113F7B91}.Release|x86.ActiveCfg = Release|Any CPU
		{D985FAA0-CBB8-405B-B182-D0AD113F7B91}.Release|x86.Build.0 = Release|Any CPU
		{76CBFC8F-B36B-48B6-99FD-22315E03A06F}.Debug|Any CPU.ActiveCfg = Debug|Any CPU
		{76CBFC8F-B36B-48B6-99FD-22315E03A06F}.Debug|Any CPU.Build.0 = Debug|Any CPU
		{76CBFC8F-B36B-48B6-99FD-22315E03A06F}.Debug|x64.ActiveCfg = Debug|Any CPU
		{76CBFC8F-B36B-48B6-99FD-22315E03A06F}.Debug|x64.Build.0 = Debug|Any CPU
		{76CBFC8F-B36B-48B6-99FD-22315E03A06F}.Debug|x86.ActiveCfg = Debug|Any CPU
		{76CBFC8F-B36B-48B6-99FD-22315E03A06F}.Debug|x86.Build.0 = Debug|Any CPU
		{76CBFC8F-B36B-48B6-99FD-22315E03A06F}.Release|Any CPU.ActiveCfg = Release|Any CPU
		{76CBFC8F-B36B-48B6-99FD-22315E03A06F}.Release|Any CPU.Build.0 = Release|Any CPU
		{76CBFC8F-B36B-48B6-99FD-22315E03A06F}.Release|x64.ActiveCfg = Release|Any CPU
		{76CBFC8F-B36B-48B6-99FD-22315E03A06F}.Release|x64.Build.0 = Release|Any CPU
		{76CBFC8F-B36B-48B6-99FD-22315E03A06F}.Release|x86.ActiveCfg = Release|Any CPU
		{76CBFC8F-B36B-48B6-99FD-22315E03A06F}.Release|x86.Build.0 = Release|Any CPU
		{1DCD846D-FEA0-4C49-BEED-DCA8A6AF515D}.Debug|Any CPU.ActiveCfg = Debug|Any CPU
		{1DCD846D-FEA0-4C49-BEED-DCA8A6AF515D}.Debug|Any CPU.Build.0 = Debug|Any CPU
		{1DCD846D-FEA0-4C49-BEED-DCA8A6AF515D}.Debug|x64.ActiveCfg = Debug|Any CPU
		{1DCD846D-FEA0-4C49-BEED-DCA8A6AF515D}.Debug|x64.Build.0 = Debug|Any CPU
		{1DCD846D-FEA0-4C49-BEED-DCA8A6AF515D}.Debug|x86.ActiveCfg = Debug|Any CPU
		{1DCD846D-FEA0-4C49-BEED-DCA8A6AF515D}.Debug|x86.Build.0 = Debug|Any CPU
		{1DCD846D-FEA0-4C49-BEED-DCA8A6AF515D}.Release|Any CPU.ActiveCfg = Release|Any CPU
		{1DCD846D-FEA0-4C49-BEED-DCA8A6AF515D}.Release|Any CPU.Build.0 = Release|Any CPU
		{1DCD846D-FEA0-4C49-BEED-DCA8A6AF515D}.Release|x64.ActiveCfg = Release|Any CPU
		{1DCD846D-FEA0-4C49-BEED-DCA8A6AF515D}.Release|x64.Build.0 = Release|Any CPU
		{1DCD846D-FEA0-4C49-BEED-DCA8A6AF515D}.Release|x86.ActiveCfg = Release|Any CPU
		{1DCD846D-FEA0-4C49-BEED-DCA8A6AF515D}.Release|x86.Build.0 = Release|Any CPU
	EndGlobalSection
EndGlobal
